
Microsoft Visual Studio Solution File, Format Version 11.00
# Visual Studio 2010
Project("{FAE04EC0-301F-11D3-BF4B-00C04F79EFBC}") = "MStrings", "MStrings\MStrings.csproj", "{F64D1A42-975A-435A-8AC0-1F2467C0E9AB}"
EndProject
Global
	GlobalSection(SolutionConfigurationPlatforms) = preSolution
		Debug|Any CPU = Debug|Any CPU
		Release|Any CPU = Release|Any CPU
	EndGlobalSection
	GlobalSection(ProjectConfigurationPlatforms) = postSolution
		{F64D1A42-975A-435A-8AC0-1F2467C0E9AB}.Debug|Any CPU.ActiveCfg = Debug|Any CPU
		{F64D1A42-975A-435A-8AC0-1F2467C0E9AB}.Debug|Any CPU.Build.0 = Debug|Any CPU
		{F64D1A42-975A-435A-8AC0-1F2467C0E9AB}.Release|Any CPU.ActiveCfg = Release|Any CPU
		{F64D1A42-975A-435A-8AC0-1F2467C0E9AB}.Release|Any CPU.Build.0 = Release|Any CPU
	EndGlobalSection
	GlobalSection(SolutionProperties) = preSolution
		HideSolutionNode = FALSE
	EndGlobalSection
EndGlobal
